
Microsoft Visual Studio Solution File, Format Version 12.00
# Visual Studio Version 16
VisualStudioVersion = 16.0.30011.22
MinimumVisualStudioVersion = 10.0.40219.1
Project("{FAE04EC0-301F-11D3-BF4B-00C04F79EFBC}") = "Login", "Login\Login.csproj", "{1603DF8B-6A52-46F2-81A5-AB06EF3E88FA}"
EndProject
Global
	GlobalSection(SolutionConfigurationPlatforms) = preSolution
		Debug|Any CPU = Debug|Any CPU
		Release|Any CPU = Release|Any CPU
	EndGlobalSection
	GlobalSection(ProjectConfigurationPlatforms) = postSolution
		{1603DF8B-6A52-46F2-81A5-AB06EF3E88FA}.Debug|Any CPU.ActiveCfg = Debug|Any CPU
		{1603DF8B-6A52-46F2-81A5-AB06EF3E88FA}.Debug|Any CPU.Build.0 = Debug|Any CPU
		{1603DF8B-6A52-46F2-81A5-AB06EF3E88FA}.Release|Any CPU.ActiveCfg = Release|Any CPU
		{1603DF8B-6A52-46F2-81A5-AB06EF3E88FA}.Release|Any CPU.Build.0 = Release|Any CPU
	EndGlobalSection
	GlobalSection(SolutionProperties) = preSolution
		HideSolutionNode = FALSE
	EndGlobalSection
	GlobalSection(ExtensibilityGlobals) = postSolution
		SolutionGuid = {C10B4B78-71BE-420F-BA21-68D2B201D605}
	EndGlobalSection
EndGlobal
